# This file is automatically @generated by Cargo.
# It is not intended for manual editing.
version = 4

[[package]]
name = "reboot-pch"
version = "0.1.0"
dependencies = [
 "telnet",
]

[[package]]
name = "telnet"
version = "0.2.4"
source = "registry+https://github.com/rust-lang/crates.io-index"
checksum = "fe470bf03e694eccaac03d81297cbc22e681f60d3af29d4b69369f014895bf06"
